
Microsoft Visual Studio Solution File, Format Version 12.00
# Visual Studio Version 17
VisualStudioVersion = 17.1.32407.343
MinimumVisualStudioVersion = 10.0.40219.1
Project("{9A19103F-16F7-4668-BE54-9A1E7A4F7556}") = "RateMyAnime", "RateMyAnime.csproj", "{E5701B79-D157-4236-B47A-D17F4915658C}"
EndProject
Global
	GlobalSection(SolutionConfigurationPlatforms) = preSolution
		Debug|Any CPU = Debug|Any CPU
		Release|Any CPU = Release|Any CPU
	EndGlobalSection
	GlobalSection(ProjectConfigurationPlatforms) = postSolution
		{E5701B79-D157-4236-B47A-D17F4915658C}.Debug|Any CPU.ActiveCfg = Debug|Any CPU
		{E5701B79-D157-4236-B47A-D17F4915658C}.Debug|Any CPU.Build.0 = Debug|Any CPU
		{E5701B79-D157-4236-B47A-D17F4915658C}.Release|Any CPU.ActiveCfg = Release|Any CPU
		{E5701B79-D157-4236-B47A-D17F4915658C}.Release|Any CPU.Build.0 = Release|Any CPU
	EndGlobalSection
	GlobalSection(SolutionProperties) = preSolution
		HideSolutionNode = FALSE
	EndGlobalSection
	GlobalSection(ExtensibilityGlobals) = postSolution
		SolutionGuid = {1DF76B02-3CAC-41B0-9771-DF86FD764C99}
	EndGlobalSection
EndGlobal
